{
  "lockfileVersion": 1,
  "configVersion": 1,
  "workspaces": {
    "": {
      "name": "sainsburys-groceries-cli",
      "dependencies": {
        "commander": "^12.1.0",
        "koonjs": "^0.8.1",
      },
      "devDependencies": {
        "@types/bun": "^1.1.10",
        "typescript": "^5.6.3",
      },
      "optionalDependencies": {
        "playwright-core": "^1.49.0",
      },
    },
  },
  "packages": {
    "@koonjs/darwin-arm64": ["@koonjs/darwin-arm64@0.8.1", "", { "os": "darwin", "cpu": "arm64" }, "sha512-eGKE1GPq691/Til2RnbBoAuxWhIq5648EG52SAQ+ycaZMTZjF+UphPoX9wKyPmT/YObmpfUsjg0/V15i1qebrA=="],

    "@koonjs/darwin-x64": ["@koonjs/darwin-x64@0.8.1", "", { "os": "darwin", "cpu": "x64" }, "sha512-Zdsr1QIQriU38Y014sD6R8IOzqb5BYJRGpsgD0c/R3E6S8OHUsB+E7i7sqnqRMBLrig0JT20NpMpMhFNu1DbHg=="],

    "@koonjs/linux-x64-gnu": ["@koonjs/linux-x64-gnu@0.8.1", "", { "os": "linux", "cpu": "x64" }, "sha512-IMOKOw24eLsMX5pJWXc/esrw2VrIfWZYwb5xYRwq/T21qxDPqF2Rd60JDagLavWWJUEmbJzQhm0PW/Rai1zwGA=="],

    "@koonjs/win32-x64-msvc": ["@koonjs/win32-x64-msvc@0.8.1", "", { "os": "win32", "cpu": "x64" }, "sha512-OYGCI1itxjyPECh6R3iDFtc24SWRogxy/4+4D6hR71KPxm2cqCCxdz74JKAr7Yc9e+sr76wKAfGK/FkRvpThMQ=="],

    "@types/bun": ["@types/bun@1.4.0", "", { "dependencies": { "bun-types": "1.4.0" } }, "sha512-K+lZULY23vRgK/CfTjFIV+tyifaNdSMlPh9j+6mQ/cLfpOznLyAuzgV/JQysyECpkBQLVMSyvjlr2fBUSA9wFQ=="],

    "@types/node": ["@types/node@26.2.0", "", { "dependencies": { "undici-types": "~8.3.0" } }, "sha512-5IviulTZeRNp2vAJ514cc/HUlY5nZ9fCbq9DMyC52BrhFZACo3nI0R7qBxhQmo/d27NFe96ur/b7Wwxklda+kg=="],

    "bun-types": ["bun-types@1.4.0", "", { "dependencies": { "@types/node": "*" } }, "sha512-iIKw23BspnQQYd3prITOBxeUsxBHnwzX6YJfGMuNOZzeNcMmVqzIIVGRm1l69ogaPQmb4wB6BN8mA5bE9YuC5Q=="],

    "commander": ["commander@12.1.0", "", {}, "sha512-Vw8qHK3bZM9y/P10u3Vib8o/DdkvA2OtPtZvD871QKjy74Wj1WSKFILMPRPSdUSx5RFK1arlJzEtA4PkFgnbuA=="],

    "koonjs": ["koonjs@0.8.1", "", { "optionalDependencies": { "@koonjs/darwin-arm64": "0.8.1", "@koonjs/darwin-x64": "0.8.1", "@koonjs/linux-x64-gnu": "0.8.1", "@koonjs/win32-x64-msvc": "0.8.1" } }, "sha512-zXTmiQqUhkULH2JjmgM69gNnIKwMr3rjCWTmc/LIYxOB4HDJOT8vANorR1SK1huhz6xLzb7ez6Y4kipIUjbjgQ=="],

    "playwright-core": ["playwright-core@1.62.1", "", { "bin": { "playwright-core": "cli.js" } }, "sha512-wPYSwEBJY9GHraISXqyqtx0na0LpO3XEX7jNDhntbex7tzUS7kLnZsOlFruFJB4Hi/rhDMjXGqHewDZ68nYZVw=="],

    "typescript": ["typescript@5.9.3", "", { "bin": { "tsc": "bin/tsc", "tsserver": "bin/tsserver" } }, "sha512-jl1vZzPDinLr9eUt3J/t7V6FgNEw9QjvBPdysz9KfQDD41fQrC2Y4vKQdiaUpFT4bXlb1RHhLpp8wtm6M5TgSw=="],

    "undici-types": ["undici-types@8.3.0", "", {}, "sha512-j375ScV60dom+YkPFIfTLcOiPxkN/buHz5GobjLhixFuANaNs3C9l4GmrWqejgXWJ7BbJcFYpTEUkS1Ge8bpZQ=="],
  }
}
