{
  "name": "sainsburys-groceries-cli",
  "version": "0.4.0",
  "lockfileVersion": 3,
  "requires": true,
  "packages": {
    "": {
      "name": "sainsburys-groceries-cli",
      "version": "0.4.0",
      "license": "MIT",
      "dependencies": {
        "commander": "^12.1.0",
        "playwright-core": "^1.49.0"
      },
      "bin": {
        "sainsburys": "bin/sainsburys.js"
      },
      "devDependencies": {
        "@types/bun": "^1.1.10",
        "typescript": "^5.6.3"
      },
      "engines": {
        "bun": ">=1.1",
        "node": ">=20"
      },
      "optionalDependencies": {
        "koonjs": "^0.8.1"
      }
    },
    "node_modules/@types/bun": {
      "version": "1.4.0",
      "dev": true,
      "license": "MIT",
      "dependencies": {
        "bun-types": "1.4.0"
      }
    },
    "node_modules/bun-types": {
      "version": "1.4.0",
      "dev": true,
      "license": "MIT",
      "dependencies": {
        "@types/node": "*"
      }
    },
    "node_modules/bun-types/node_modules/@types/node": {
      "version": "26.2.0",
      "dev": true,
      "license": "MIT",
      "dependencies": {
        "undici-types": "~8.3.0"
      }
    },
    "node_modules/bun-types/node_modules/@types/node/node_modules/undici-types": {
      "version": "8.3.0",
      "dev": true,
      "license": "MIT"
    },
    "node_modules/commander": {
      "version": "12.1.0",
      "license": "MIT",
      "engines": {
        "node": ">=18"
      }
    },
    "node_modules/playwright-core": {
      "version": "1.62.1",
      "license": "Apache-2.0",
      "bin": {
        "playwright-core": "cli.js"
      },
      "engines": {
        "node": ">=20"
      }
    },
    "node_modules/typescript": {
      "version": "5.9.3",
      "dev": true,
      "license": "Apache-2.0",
      "bin": {
        "tsc": "bin/tsc",
        "tsserver": "bin/tsserver"
      },
      "engines": {
        "node": ">=14.17"
      }
    }
  }
}
