{
  "name": "sainsburys-groceries-cli",
  "version": "0.4.0",
  "lockfileVersion": 3,
  "requires": true,
  "packages": {
    "": {
      "name": "sainsburys-groceries-cli",
      "version": "0.4.0",
      "license": "MIT",
      "dependencies": {
        "commander": "^12.1.0",
        "koonjs": "0.8.1",
        "playwright-core": "^1.49.0"
      },
      "bin": {
        "sainsburys": "bin/sainsburys.js"
      },
      "devDependencies": {
        "@types/bun": "^1.1.10",
        "typescript": "^5.6.3"
      },
      "engines": {
        "bun": ">=1.1",
        "node": ">=20"
      },
      "optionalDependencies": {
        "koonjs": "npm:null@*"
      }
    },
    "node_modules/@types/bun": {
      "version": "1.4.0",
      "dev": true,
      "license": "MIT",
      "dependencies": {
        "bun-types": "1.4.0"
      }
    },
    "node_modules/bun-types": {
      "version": "1.4.0",
      "dev": true,
      "license": "MIT",
      "dependencies": {
        "@types/node": "*"
      }
    },
    "node_modules/bun-types/node_modules/@types/node": {
      "version": "26.2.0",
      "dev": true,
      "license": "MIT",
      "dependencies": {
        "undici-types": "~8.3.0"
      }
    },
    "node_modules/bun-types/node_modules/@types/node/node_modules/undici-types": {
      "version": "8.3.0",
      "dev": true,
      "license": "MIT"
    },
    "node_modules/commander": {
      "version": "12.1.0",
      "license": "MIT",
      "engines": {
        "node": ">=18"
      }
    },
    "node_modules/koonjs": {
      "version": "0.8.1",
      "resolved": "https://registry.npmjs.org/koonjs/-/koonjs-0.8.1.tgz",
      "integrity": "sha512-zXTmiQqUhkULH2JjmgM69gNnIKwMr3rjCWTmc/LIYxOB4HDJOT8vANorR1SK1huhz6xLzb7ez6Y4kipIUjbjgQ==",
      "optional": true,
      "optionalDependencies": {
        "@koonjs/darwin-arm64": "0.8.1",
        "@koonjs/darwin-x64": "0.8.1",
        "@koonjs/linux-x64-gnu": "0.8.1",
        "@koonjs/win32-x64-msvc": "0.8.1"
      }
    },
    "node_modules/@koonjs/darwin-arm64": {
      "version": "0.8.1",
      "resolved": "https://registry.npmjs.org/@koonjs/darwin-arm64/-/darwin-arm64-0.8.1.tgz",
      "integrity": "sha512-eGKE1GPq691/Til2RnbBoAuxWhIq5648EG52SAQ+ycaZMTZjF+UphPoX9wKyPmT/YObmpfUsjg0/V15i1qebrA==",
      "cpu": ["arm64"],
      "optional": true,
      "os": ["darwin"]
    },
    "node_modules/@koonjs/darwin-x64": {
      "version": "0.8.1",
      "resolved": "https://registry.npmjs.org/@koonjs/darwin-x64/-/darwin-x64-0.8.1.tgz",
      "integrity": "sha512-Zdsr1QIQriU38Y014sD6R8IOzqb5BYJRGpsgD0c/R3E6S8OHUsB+E7i7sqnqRMBLrig0JT20NpMpMhFNu1DbHg==",
      "cpu": ["x64"],
      "optional": true,
      "os": ["darwin"]
    },
    "node_modules/@koonjs/linux-x64-gnu": {
      "version": "0.8.1",
      "resolved": "https://registry.npmjs.org/@koonjs/linux-x64-gnu/-/linux-x64-gnu-0.8.1.tgz",
      "integrity": "sha512-IMOKOw24eLsMX5pJWXc/esrw2VrIfWZYwb5xYRwq/T21qxDPqF2Rd60JDagLavWWJUEmbJzQhm0PW/Rai1zwGA==",
      "cpu": ["x64"],
      "optional": true,
      "os": ["linux"]
    },
    "node_modules/@koonjs/win32-x64-msvc": {
      "version": "0.8.1",
      "resolved": "https://registry.npmjs.org/@koonjs/win32-x64-msvc/-/win32-x64-msvc-0.8.1.tgz",
      "integrity": "sha512-OYGCI1itxjyPECh6R3iDFtc24SWRogxy/4+4D6hR71KPxm2cqCCxdz74JKAr7Yc9e+sr76wKAfGK/FkRvpThMQ==",
      "cpu": ["x64"],
      "optional": true,
      "os": ["win32"]
    },
    "node_modules/playwright-core": {
      "version": "1.62.1",
      "license": "Apache-2.0",
      "bin": {
        "playwright-core": "cli.js"
      },
      "engines": {
        "node": ">=20"
      }
    },
    "node_modules/typescript": {
      "version": "5.9.3",
      "dev": true,
      "license": "Apache-2.0",
      "bin": {
        "tsc": "bin/tsc",
        "tsserver": "bin/tsserver"
      },
      "engines": {
        "node": ">=14.17"
      }
    }
  }
}
